
Microsoft Visual Studio Solution File, Format Version 12.00
# Visual Studio Version 16
VisualStudioVersion = 16.0.30907.101
MinimumVisualStudioVersion = 10.0.40219.1
Project("{FAE04EC0-301F-11D3-BF4B-00C04F79EFBC}") = "practica_2", "practica_2\practica_2.csproj", "{0FBD57A6-8327-4803-8F0E-67378F02FC1E}"
EndProject
Project("{FAE04EC0-301F-11D3-BF4B-00C04F79EFBC}") = "Ejercicio_Int", "Ejercicio_Int\Ejercicio_Int.csproj", "{04D5079A-AE00-446C-AA92-5363706E1B41}"
EndProject
Project("{FAE04EC0-301F-11D3-BF4B-00C04F79EFBC}") = "CalculoPerimetro", "CalculoPerimetro\CalculoPerimetro.csproj", "{82772115-88DD-4DD8-B73A-55B65371EBE8}"
EndProject
Project("{FAE04EC0-301F-11D3-BF4B-00C04F79EFBC}") = "Ejercicio_string", "Ejercicio_string\Ejercicio_string.csproj", "{AE4915DD-FE16-4BB8-96F0-B55415F1DAA0}"
EndProject
Global
	GlobalSection(SolutionConfigurationPlatforms) = preSolution
		Debug|Any CPU = Debug|Any CPU
		Release|Any CPU = Release|Any CPU
	EndGlobalSection
	GlobalSection(ProjectConfigurationPlatforms) = postSolution
		{0FBD57A6-8327-4803-8F0E-67378F02FC1E}.Debug|Any CPU.ActiveCfg = Debug|Any CPU
		{0FBD57A6-8327-4803-8F0E-67378F02FC1E}.Debug|Any CPU.Build.0 = Debug|Any CPU
		{0FBD57A6-8327-4803-8F0E-67378F02FC1E}.Release|Any CPU.ActiveCfg = Release|Any CPU
		{0FBD57A6-8327-4803-8F0E-67378F02FC1E}.Release|Any CPU.Build.0 = Release|Any CPU
		{04D5079A-AE00-446C-AA92-5363706E1B41}.Debug|Any CPU.ActiveCfg = Debug|Any CPU
		{04D5079A-AE00-446C-AA92-5363706E1B41}.Debug|Any CPU.Build.0 = Debug|Any CPU
		{04D5079A-AE00-446C-AA92-5363706E1B41}.Release|Any CPU.ActiveCfg = Release|Any CPU
		{04D5079A-AE00-446C-AA92-5363706E1B41}.Release|Any CPU.Build.0 = Release|Any CPU
		{82772115-88DD-4DD8-B73A-55B65371EBE8}.Debug|Any CPU.ActiveCfg = Debug|Any CPU
		{82772115-88DD-4DD8-B73A-55B65371EBE8}.Debug|Any CPU.Build.0 = Debug|Any CPU
		{82772115-88DD-4DD8-B73A-55B65371EBE8}.Release|Any CPU.ActiveCfg = Release|Any CPU
		{82772115-88DD-4DD8-B73A-55B65371EBE8}.Release|Any CPU.Build.0 = Release|Any CPU
		{AE4915DD-FE16-4BB8-96F0-B55415F1DAA0}.Debug|Any CPU.ActiveCfg = Debug|Any CPU
		{AE4915DD-FE16-4BB8-96F0-B55415F1DAA0}.Debug|Any CPU.Build.0 = Debug|Any CPU
		{AE4915DD-FE16-4BB8-96F0-B55415F1DAA0}.Release|Any CPU.ActiveCfg = Release|Any CPU
		{AE4915DD-FE16-4BB8-96F0-B55415F1DAA0}.Release|Any CPU.Build.0 = Release|Any CPU
	EndGlobalSection
	GlobalSection(SolutionProperties) = preSolution
		HideSolutionNode = FALSE
	EndGlobalSection
	GlobalSection(ExtensibilityGlobals) = postSolution
		SolutionGuid = {EC5081DB-6B7F-485C-808A-06C837FF56DD}
	EndGlobalSection
EndGlobal
